
Microsoft Visual Studio Solution File, Format Version 12.00
# Visual Studio Version 17
VisualStudioVersion = 17.6.33626.354
MinimumVisualStudioVersion = 10.0.40219.1
Project("{FAE04EC0-301F-11D3-BF4B-00C04F79EFBC}") = "FakeYouNet", "FakeYouNet\FakeYouNet.csproj", "{21880DB2-F083-437B-B5CC-B3531302BC60}"
EndProject
Project("{FAE04EC0-301F-11D3-BF4B-00C04F79EFBC}") = "FakeYouNetTests", "FakeYouNetTests\FakeYouNetTests.csproj", "{963721F5-7EE7-4D51-8590-D58F91B214E2}"
EndProject
Global
	GlobalSection(SolutionConfigurationPlatforms) = preSolution
		Debug|Any CPU = Debug|Any CPU
		Release|Any CPU = Release|Any CPU
	EndGlobalSection
	GlobalSection(ProjectConfigurationPlatforms) = postSolution
		{21880DB2-F083-437B-B5CC-B3531302BC60}.Debug|Any CPU.ActiveCfg = Debug|Any CPU
		{21880DB2-F083-437B-B5CC-B3531302BC60}.Debug|Any CPU.Build.0 = Debug|Any CPU
		{21880DB2-F083-437B-B5CC-B3531302BC60}.Release|Any CPU.ActiveCfg = Release|Any CPU
		{21880DB2-F083-437B-B5CC-B3531302BC60}.Release|Any CPU.Build.0 = Release|Any CPU
		{963721F5-7EE7-4D51-8590-D58F91B214E2}.Debug|Any CPU.ActiveCfg = Debug|Any CPU
		{963721F5-7EE7-4D51-8590-D58F91B214E2}.Debug|Any CPU.Build.0 = Debug|Any CPU
		{963721F5-7EE7-4D51-8590-D58F91B214E2}.Release|Any CPU.ActiveCfg = Release|Any CPU
		{963721F5-7EE7-4D51-8590-D58F91B214E2}.Release|Any CPU.Build.0 = Release|Any CPU
	EndGlobalSection
	GlobalSection(SolutionProperties) = preSolution
		HideSolutionNode = FALSE
	EndGlobalSection
	GlobalSection(ExtensibilityGlobals) = postSolution
		SolutionGuid = {B3EAA7B2-0239-4D78-98C0-620377EEBE23}
	EndGlobalSection
EndGlobal
